
Microsoft Visual Studio Solution File, Format Version 12.00
# Visual Studio Version 17
VisualStudioVersion = 17.2.32602.215
MinimumVisualStudioVersion = 10.0.40219.1
Project("{FAE04EC0-301F-11D3-BF4B-00C04F79EFBC}") = "DefinePerson", "DefinePerson\DefinePerson.csproj", "{A5EEF982-A79E-4BCD-89BF-BF2ADEFB2160}"
EndProject
Project("{FAE04EC0-301F-11D3-BF4B-00C04F79EFBC}") = "CreatingConstructors", "CreatingConstructors\CreatingConstructors.csproj", "{84E725E8-A6AA-4C51-8CEF-E692CC20935E}"
EndProject
Project("{FAE04EC0-301F-11D3-BF4B-00C04F79EFBC}") = "OldestFamilyMember", "OldestFamilyMember\OldestFamilyMember.csproj", "{18192108-73D2-4003-B0D8-DCF1628CC699}"
EndProject
Global
	GlobalSection(SolutionConfigurationPlatforms) = preSolution
		Debug|Any CPU = Debug|Any CPU
		Release|Any CPU = Release|Any CPU
	EndGlobalSection
	GlobalSection(ProjectConfigurationPlatforms) = postSolution
		{A5EEF982-A79E-4BCD-89BF-BF2ADEFB2160}.Debug|Any CPU.ActiveCfg = Debug|Any CPU
		{A5EEF982-A79E-4BCD-89BF-BF2ADEFB2160}.Debug|Any CPU.Build.0 = Debug|Any CPU
		{A5EEF982-A79E-4BCD-89BF-BF2ADEFB2160}.Release|Any CPU.ActiveCfg = Release|Any CPU
		{A5EEF982-A79E-4BCD-89BF-BF2ADEFB2160}.Release|Any CPU.Build.0 = Release|Any CPU
		{84E725E8-A6AA-4C51-8CEF-E692CC20935E}.Debug|Any CPU.ActiveCfg = Debug|Any CPU
		{84E725E8-A6AA-4C51-8CEF-E692CC20935E}.Debug|Any CPU.Build.0 = Debug|Any CPU
		{84E725E8-A6AA-4C51-8CEF-E692CC20935E}.Release|Any CPU.ActiveCfg = Release|Any CPU
		{84E725E8-A6AA-4C51-8CEF-E692CC20935E}.Release|Any CPU.Build.0 = Release|Any CPU
		{18192108-73D2-4003-B0D8-DCF1628CC699}.Debug|Any CPU.ActiveCfg = Debug|Any CPU
		{18192108-73D2-4003-B0D8-DCF1628CC699}.Debug|Any CPU.Build.0 = Debug|Any CPU
		{18192108-73D2-4003-B0D8-DCF1628CC699}.Release|Any CPU.ActiveCfg = Release|Any CPU
		{18192108-73D2-4003-B0D8-DCF1628CC699}.Release|Any CPU.Build.0 = Release|Any CPU
	EndGlobalSection
	GlobalSection(SolutionProperties) = preSolution
		HideSolutionNode = FALSE
	EndGlobalSection
	GlobalSection(ExtensibilityGlobals) = postSolution
		SolutionGuid = {CDE91137-17EE-4926-868B-A593E71C13D1}
	EndGlobalSection
EndGlobal
