
Microsoft Visual Studio Solution File, Format Version 12.00
# Visual Studio Version 17
VisualStudioVersion = 17.2.32616.157
MinimumVisualStudioVersion = 10.0.40219.1
Project("{FAE04EC0-301F-11D3-BF4B-00C04F79EFBC}") = "FirstTask", "FirstTask\FirstTask.csproj", "{632B5001-98B2-44C2-A4B1-A1E62DF2AAD4}"
EndProject
Project("{FAE04EC0-301F-11D3-BF4B-00C04F79EFBC}") = "SecondTask", "SecondTask\SecondTask.csproj", "{6B438A2E-C3C2-4438-A7D1-1A5740BC66C2}"
EndProject
Project("{9A19103F-16F7-4668-BE54-9A1E7A4F7556}") = "Renovators", "ThirdTask\Renovators.csproj", "{1E691B42-9217-4CDE-ACC7-33BBBE890336}"
EndProject
Global
	GlobalSection(SolutionConfigurationPlatforms) = preSolution
		Debug|Any CPU = Debug|Any CPU
		Release|Any CPU = Release|Any CPU
	EndGlobalSection
	GlobalSection(ProjectConfigurationPlatforms) = postSolution
		{632B5001-98B2-44C2-A4B1-A1E62DF2AAD4}.Debug|Any CPU.ActiveCfg = Debug|Any CPU
		{632B5001-98B2-44C2-A4B1-A1E62DF2AAD4}.Debug|Any CPU.Build.0 = Debug|Any CPU
		{632B5001-98B2-44C2-A4B1-A1E62DF2AAD4}.Release|Any CPU.ActiveCfg = Release|Any CPU
		{632B5001-98B2-44C2-A4B1-A1E62DF2AAD4}.Release|Any CPU.Build.0 = Release|Any CPU
		{6B438A2E-C3C2-4438-A7D1-1A5740BC66C2}.Debug|Any CPU.ActiveCfg = Debug|Any CPU
		{6B438A2E-C3C2-4438-A7D1-1A5740BC66C2}.Debug|Any CPU.Build.0 = Debug|Any CPU
		{6B438A2E-C3C2-4438-A7D1-1A5740BC66C2}.Release|Any CPU.ActiveCfg = Release|Any CPU
		{6B438A2E-C3C2-4438-A7D1-1A5740BC66C2}.Release|Any CPU.Build.0 = Release|Any CPU
		{1E691B42-9217-4CDE-ACC7-33BBBE890336}.Debug|Any CPU.ActiveCfg = Debug|Any CPU
		{1E691B42-9217-4CDE-ACC7-33BBBE890336}.Debug|Any CPU.Build.0 = Debug|Any CPU
		{1E691B42-9217-4CDE-ACC7-33BBBE890336}.Release|Any CPU.ActiveCfg = Release|Any CPU
		{1E691B42-9217-4CDE-ACC7-33BBBE890336}.Release|Any CPU.Build.0 = Release|Any CPU
	EndGlobalSection
	GlobalSection(SolutionProperties) = preSolution
		HideSolutionNode = FALSE
	EndGlobalSection
	GlobalSection(ExtensibilityGlobals) = postSolution
		SolutionGuid = {C5143ABD-095F-45B0-8039-C0C2616803DD}
	EndGlobalSection
EndGlobal
