
Microsoft Visual Studio Solution File, Format Version 12.00
# Visual Studio Version 17
VisualStudioVersion = 17.1.32328.378
MinimumVisualStudioVersion = 10.0.40219.1
Project("{FAE04EC0-301F-11D3-BF4B-00C04F79EFBC}") = "UniqueUsernames", "UniqueUsernames\UniqueUsernames.csproj", "{6F371341-1573-4C1A-AE90-1EB5FB8C4E26}"
EndProject
Project("{FAE04EC0-301F-11D3-BF4B-00C04F79EFBC}") = "SetsOfElements", "SetsOfElements\SetsOfElements.csproj", "{EEDAC19E-2838-44C6-8891-373BF7435B47}"
EndProject
Project("{FAE04EC0-301F-11D3-BF4B-00C04F79EFBC}") = "PeriodicTable", "PeriodicTable\PeriodicTable.csproj", "{D97C9103-8F86-451E-8AF3-349BD40EA041}"
EndProject
Global
	GlobalSection(SolutionConfigurationPlatforms) = preSolution
		Debug|Any CPU = Debug|Any CPU
		Release|Any CPU = Release|Any CPU
	EndGlobalSection
	GlobalSection(ProjectConfigurationPlatforms) = postSolution
		{6F371341-1573-4C1A-AE90-1EB5FB8C4E26}.Debug|Any CPU.ActiveCfg = Debug|Any CPU
		{6F371341-1573-4C1A-AE90-1EB5FB8C4E26}.Debug|Any CPU.Build.0 = Debug|Any CPU
		{6F371341-1573-4C1A-AE90-1EB5FB8C4E26}.Release|Any CPU.ActiveCfg = Release|Any CPU
		{6F371341-1573-4C1A-AE90-1EB5FB8C4E26}.Release|Any CPU.Build.0 = Release|Any CPU
		{EEDAC19E-2838-44C6-8891-373BF7435B47}.Debug|Any CPU.ActiveCfg = Debug|Any CPU
		{EEDAC19E-2838-44C6-8891-373BF7435B47}.Debug|Any CPU.Build.0 = Debug|Any CPU
		{EEDAC19E-2838-44C6-8891-373BF7435B47}.Release|Any CPU.ActiveCfg = Release|Any CPU
		{EEDAC19E-2838-44C6-8891-373BF7435B47}.Release|Any CPU.Build.0 = Release|Any CPU
		{D97C9103-8F86-451E-8AF3-349BD40EA041}.Debug|Any CPU.ActiveCfg = Debug|Any CPU
		{D97C9103-8F86-451E-8AF3-349BD40EA041}.Debug|Any CPU.Build.0 = Debug|Any CPU
		{D97C9103-8F86-451E-8AF3-349BD40EA041}.Release|Any CPU.ActiveCfg = Release|Any CPU
		{D97C9103-8F86-451E-8AF3-349BD40EA041}.Release|Any CPU.Build.0 = Release|Any CPU
	EndGlobalSection
	GlobalSection(SolutionProperties) = preSolution
		HideSolutionNode = FALSE
	EndGlobalSection
	GlobalSection(ExtensibilityGlobals) = postSolution
		SolutionGuid = {8A903FEB-FD83-4A3D-BCAB-DEADF3150FB3}
	EndGlobalSection
EndGlobal
