
Microsoft Visual Studio Solution File, Format Version 12.00
# Visual Studio Version 17
VisualStudioVersion = 17.1.32328.378
MinimumVisualStudioVersion = 10.0.40219.1
Project("{FAE04EC0-301F-11D3-BF4B-00C04F79EFBC}") = "SumMatrixElements", "SumMatrixElements\SumMatrixElements.csproj", "{DE7BB323-393B-4D88-83EC-95533FF28CDA}"
EndProject
Project("{FAE04EC0-301F-11D3-BF4B-00C04F79EFBC}") = "SumMatrixColumns", "SumMatrixColumns\SumMatrixColumns.csproj", "{B1E41FE9-5B0C-4A69-A108-02E2CA7F0B9C}"
EndProject
Project("{FAE04EC0-301F-11D3-BF4B-00C04F79EFBC}") = "PrimaryDiagonal", "PrimaryDiagonal\PrimaryDiagonal.csproj", "{B077930A-7B06-4C4A-99B1-F019F7DD3722}"
EndProject
Project("{FAE04EC0-301F-11D3-BF4B-00C04F79EFBC}") = "SymbolInMatrix", "SymbolInMatrix\SymbolInMatrix.csproj", "{86185E6D-03DE-4FD8-94DF-F8EE96468848}"
EndProject
Global
	GlobalSection(SolutionConfigurationPlatforms) = preSolution
		Debug|Any CPU = Debug|Any CPU
		Release|Any CPU = Release|Any CPU
	EndGlobalSection
	GlobalSection(ProjectConfigurationPlatforms) = postSolution
		{DE7BB323-393B-4D88-83EC-95533FF28CDA}.Debug|Any CPU.ActiveCfg = Debug|Any CPU
		{DE7BB323-393B-4D88-83EC-95533FF28CDA}.Debug|Any CPU.Build.0 = Debug|Any CPU
		{DE7BB323-393B-4D88-83EC-95533FF28CDA}.Release|Any CPU.ActiveCfg = Release|Any CPU
		{DE7BB323-393B-4D88-83EC-95533FF28CDA}.Release|Any CPU.Build.0 = Release|Any CPU
		{B1E41FE9-5B0C-4A69-A108-02E2CA7F0B9C}.Debug|Any CPU.ActiveCfg = Debug|Any CPU
		{B1E41FE9-5B0C-4A69-A108-02E2CA7F0B9C}.Debug|Any CPU.Build.0 = Debug|Any CPU
		{B1E41FE9-5B0C-4A69-A108-02E2CA7F0B9C}.Release|Any CPU.ActiveCfg = Release|Any CPU
		{B1E41FE9-5B0C-4A69-A108-02E2CA7F0B9C}.Release|Any CPU.Build.0 = Release|Any CPU
		{B077930A-7B06-4C4A-99B1-F019F7DD3722}.Debug|Any CPU.ActiveCfg = Debug|Any CPU
		{B077930A-7B06-4C4A-99B1-F019F7DD3722}.Debug|Any CPU.Build.0 = Debug|Any CPU
		{B077930A-7B06-4C4A-99B1-F019F7DD3722}.Release|Any CPU.ActiveCfg = Release|Any CPU
		{B077930A-7B06-4C4A-99B1-F019F7DD3722}.Release|Any CPU.Build.0 = Release|Any CPU
		{86185E6D-03DE-4FD8-94DF-F8EE96468848}.Debug|Any CPU.ActiveCfg = Debug|Any CPU
		{86185E6D-03DE-4FD8-94DF-F8EE96468848}.Debug|Any CPU.Build.0 = Debug|Any CPU
		{86185E6D-03DE-4FD8-94DF-F8EE96468848}.Release|Any CPU.ActiveCfg = Release|Any CPU
		{86185E6D-03DE-4FD8-94DF-F8EE96468848}.Release|Any CPU.Build.0 = Release|Any CPU
	EndGlobalSection
	GlobalSection(SolutionProperties) = preSolution
		HideSolutionNode = FALSE
	EndGlobalSection
	GlobalSection(ExtensibilityGlobals) = postSolution
		SolutionGuid = {1EC3CA50-83E9-45F1-BDC2-B845B28F2A51}
	EndGlobalSection
EndGlobal
