
Microsoft Visual Studio Solution File, Format Version 12.00
# Visual Studio Version 17
VisualStudioVersion = 17.1.32328.378
MinimumVisualStudioVersion = 10.0.40219.1
Project("{9A19103F-16F7-4668-BE54-9A1E7A4F7556}") = "Reverse Strings", "Reverse Strings\Reverse Strings.csproj", "{EB646A9A-FCAB-43DB-81E0-56A7E0933A41}"
EndProject
Project("{FAE04EC0-301F-11D3-BF4B-00C04F79EFBC}") = "StackSum", "StackSum\StackSum.csproj", "{9B02D83F-8CA5-49D9-830A-FB202AA972E1}"
EndProject
Project("{FAE04EC0-301F-11D3-BF4B-00C04F79EFBC}") = "SimpleCalculator", "SimpleCalculator\SimpleCalculator.csproj", "{22B611BF-5EAF-49CD-8171-282E3EDBC25D}"
EndProject
Project("{FAE04EC0-301F-11D3-BF4B-00C04F79EFBC}") = "MatchingBrackets", "MatchingBrackets\MatchingBrackets.csproj", "{872918F6-4D3A-4B9B-80A3-D21A4EE6B47B}"
EndProject
Project("{FAE04EC0-301F-11D3-BF4B-00C04F79EFBC}") = "PrintEvenNumbers", "PrintEvenNumbers\PrintEvenNumbers.csproj", "{E0605389-1BCC-4577-88A0-966CFEE75060}"
EndProject
Project("{FAE04EC0-301F-11D3-BF4B-00C04F79EFBC}") = "Supermarket", "Supermarket\Supermarket.csproj", "{407AF96E-C466-4F1B-8967-17839433DFD6}"
EndProject
Project("{FAE04EC0-301F-11D3-BF4B-00C04F79EFBC}") = "HotPotato", "HotPotato\HotPotato.csproj", "{6282C70E-C562-4176-8C99-A5432DE31079}"
EndProject
Project("{FAE04EC0-301F-11D3-BF4B-00C04F79EFBC}") = "TrafficJam", "TrafficJam\TrafficJam.csproj", "{30A67067-0A97-4AD1-80EC-6B0769FFA399}"
EndProject
Global
	GlobalSection(SolutionConfigurationPlatforms) = preSolution
		Debug|Any CPU = Debug|Any CPU
		Release|Any CPU = Release|Any CPU
	EndGlobalSection
	GlobalSection(ProjectConfigurationPlatforms) = postSolution
		{EB646A9A-FCAB-43DB-81E0-56A7E0933A41}.Debug|Any CPU.ActiveCfg = Debug|Any CPU
		{EB646A9A-FCAB-43DB-81E0-56A7E0933A41}.Debug|Any CPU.Build.0 = Debug|Any CPU
		{EB646A9A-FCAB-43DB-81E0-56A7E0933A41}.Release|Any CPU.ActiveCfg = Release|Any CPU
		{EB646A9A-FCAB-43DB-81E0-56A7E0933A41}.Release|Any CPU.Build.0 = Release|Any CPU
		{9B02D83F-8CA5-49D9-830A-FB202AA972E1}.Debug|Any CPU.ActiveCfg = Debug|Any CPU
		{9B02D83F-8CA5-49D9-830A-FB202AA972E1}.Debug|Any CPU.Build.0 = Debug|Any CPU
		{9B02D83F-8CA5-49D9-830A-FB202AA972E1}.Release|Any CPU.ActiveCfg = Release|Any CPU
		{9B02D83F-8CA5-49D9-830A-FB202AA972E1}.Release|Any CPU.Build.0 = Release|Any CPU
		{22B611BF-5EAF-49CD-8171-282E3EDBC25D}.Debug|Any CPU.ActiveCfg = Debug|Any CPU
		{22B611BF-5EAF-49CD-8171-282E3EDBC25D}.Debug|Any CPU.Build.0 = Debug|Any CPU
		{22B611BF-5EAF-49CD-8171-282E3EDBC25D}.Release|Any CPU.ActiveCfg = Release|Any CPU
		{22B611BF-5EAF-49CD-8171-282E3EDBC25D}.Release|Any CPU.Build.0 = Release|Any CPU
		{872918F6-4D3A-4B9B-80A3-D21A4EE6B47B}.Debug|Any CPU.ActiveCfg = Debug|Any CPU
		{872918F6-4D3A-4B9B-80A3-D21A4EE6B47B}.Debug|Any CPU.Build.0 = Debug|Any CPU
		{872918F6-4D3A-4B9B-80A3-D21A4EE6B47B}.Release|Any CPU.ActiveCfg = Release|Any CPU
		{872918F6-4D3A-4B9B-80A3-D21A4EE6B47B}.Release|Any CPU.Build.0 = Release|Any CPU
		{E0605389-1BCC-4577-88A0-966CFEE75060}.Debug|Any CPU.ActiveCfg = Debug|Any CPU
		{E0605389-1BCC-4577-88A0-966CFEE75060}.Debug|Any CPU.Build.0 = Debug|Any CPU
		{E0605389-1BCC-4577-88A0-966CFEE75060}.Release|Any CPU.ActiveCfg = Release|Any CPU
		{E0605389-1BCC-4577-88A0-966CFEE75060}.Release|Any CPU.Build.0 = Release|Any CPU
		{407AF96E-C466-4F1B-8967-17839433DFD6}.Debug|Any CPU.ActiveCfg = Debug|Any CPU
		{407AF96E-C466-4F1B-8967-17839433DFD6}.Debug|Any CPU.Build.0 = Debug|Any CPU
		{407AF96E-C466-4F1B-8967-17839433DFD6}.Release|Any CPU.ActiveCfg = Release|Any CPU
		{407AF96E-C466-4F1B-8967-17839433DFD6}.Release|Any CPU.Build.0 = Release|Any CPU
		{6282C70E-C562-4176-8C99-A5432DE31079}.Debug|Any CPU.ActiveCfg = Debug|Any CPU
		{6282C70E-C562-4176-8C99-A5432DE31079}.Debug|Any CPU.Build.0 = Debug|Any CPU
		{6282C70E-C562-4176-8C99-A5432DE31079}.Release|Any CPU.ActiveCfg = Release|Any CPU
		{6282C70E-C562-4176-8C99-A5432DE31079}.Release|Any CPU.Build.0 = Release|Any CPU
		{30A67067-0A97-4AD1-80EC-6B0769FFA399}.Debug|Any CPU.ActiveCfg = Debug|Any CPU
		{30A67067-0A97-4AD1-80EC-6B0769FFA399}.Debug|Any CPU.Build.0 = Debug|Any CPU
		{30A67067-0A97-4AD1-80EC-6B0769FFA399}.Release|Any CPU.ActiveCfg = Release|Any CPU
		{30A67067-0A97-4AD1-80EC-6B0769FFA399}.Release|Any CPU.Build.0 = Release|Any CPU
	EndGlobalSection
	GlobalSection(SolutionProperties) = preSolution
		HideSolutionNode = FALSE
	EndGlobalSection
	GlobalSection(ExtensibilityGlobals) = postSolution
		SolutionGuid = {17468C46-5CDE-4275-8EA2-3B05F61E22C2}
	EndGlobalSection
EndGlobal
