
Microsoft Visual Studio Solution File, Format Version 12.00
# Visual Studio Version 17
VisualStudioVersion = 17.1.32328.378
MinimumVisualStudioVersion = 10.0.40219.1
Project("{FAE04EC0-301F-11D3-BF4B-00C04F79EFBC}") = "Reverse Strings", "Reverse Strings\Reverse Strings.csproj", "{EB646A9A-FCAB-43DB-81E0-56A7E0933A41}"
EndProject
Global
	GlobalSection(SolutionConfigurationPlatforms) = preSolution
		Debug|Any CPU = Debug|Any CPU
		Release|Any CPU = Release|Any CPU
	EndGlobalSection
	GlobalSection(ProjectConfigurationPlatforms) = postSolution
		{EB646A9A-FCAB-43DB-81E0-56A7E0933A41}.Debug|Any CPU.ActiveCfg = Debug|Any CPU
		{EB646A9A-FCAB-43DB-81E0-56A7E0933A41}.Debug|Any CPU.Build.0 = Debug|Any CPU
		{EB646A9A-FCAB-43DB-81E0-56A7E0933A41}.Release|Any CPU.ActiveCfg = Release|Any CPU
		{EB646A9A-FCAB-43DB-81E0-56A7E0933A41}.Release|Any CPU.Build.0 = Release|Any CPU
	EndGlobalSection
	GlobalSection(SolutionProperties) = preSolution
		HideSolutionNode = FALSE
	EndGlobalSection
	GlobalSection(ExtensibilityGlobals) = postSolution
		SolutionGuid = {17468C46-5CDE-4275-8EA2-3B05F61E22C2}
	EndGlobalSection
EndGlobal
