
Microsoft Visual Studio Solution File, Format Version 12.00
# Visual Studio Version 17
VisualStudioVersion = 17.1.32328.378
MinimumVisualStudioVersion = 10.0.40219.1
Project("{FAE04EC0-301F-11D3-BF4B-00C04F79EFBC}") = "ActionPoint", "ActionPoint\ActionPoint.csproj", "{562B7AE2-96D5-40ED-93F0-A4DF1B15E505}"
EndProject
Project("{FAE04EC0-301F-11D3-BF4B-00C04F79EFBC}") = "KnightsOfHonor", "KnightsOfHonor\KnightsOfHonor.csproj", "{862DD252-C3E3-40B3-B7C4-E60A3AFF259C}"
EndProject
Project("{FAE04EC0-301F-11D3-BF4B-00C04F79EFBC}") = "CustomMinFunction", "CustomMinFunction\CustomMinFunction.csproj", "{1570354F-E9E2-4C54-A701-5A2108A4F7B5}"
EndProject
Project("{FAE04EC0-301F-11D3-BF4B-00C04F79EFBC}") = "FindEvenOrOdds", "FindEvenOrOdds\FindEvenOrOdds.csproj", "{6245F273-6C99-46A8-ACBA-44A13E44B211}"
EndProject
Project("{FAE04EC0-301F-11D3-BF4B-00C04F79EFBC}") = "AppliedAtithmetics", "AppliedAtithmetics\AppliedAtithmetics.csproj", "{03E31403-13E8-47A0-98BC-4CCD6ECA97AC}"
EndProject
Project("{FAE04EC0-301F-11D3-BF4B-00C04F79EFBC}") = "ReverseAndExclude", "ReverseAndExclude\ReverseAndExclude.csproj", "{E93F8BCC-6152-48D5-9D1E-03624B46F660}"
EndProject
Project("{FAE04EC0-301F-11D3-BF4B-00C04F79EFBC}") = "PredicateForNames", "PredicateForNames\PredicateForNames.csproj", "{A9B59E51-F9BC-41FD-A0B6-818D704D32F8}"
EndProject
Project("{FAE04EC0-301F-11D3-BF4B-00C04F79EFBC}") = "ListOfPredicates", "ListOfPredicates\ListOfPredicates.csproj", "{B5994658-ADA7-4710-8724-8FFD2B5B5554}"
EndProject
Project("{FAE04EC0-301F-11D3-BF4B-00C04F79EFBC}") = "PredicateParty", "PredicateParty\PredicateParty.csproj", "{DC4E9259-CFFF-431B-8A49-02055BCE333F}"
EndProject
Global
	GlobalSection(SolutionConfigurationPlatforms) = preSolution
		Debug|Any CPU = Debug|Any CPU
		Release|Any CPU = Release|Any CPU
	EndGlobalSection
	GlobalSection(ProjectConfigurationPlatforms) = postSolution
		{562B7AE2-96D5-40ED-93F0-A4DF1B15E505}.Debug|Any CPU.ActiveCfg = Debug|Any CPU
		{562B7AE2-96D5-40ED-93F0-A4DF1B15E505}.Debug|Any CPU.Build.0 = Debug|Any CPU
		{562B7AE2-96D5-40ED-93F0-A4DF1B15E505}.Release|Any CPU.ActiveCfg = Release|Any CPU
		{562B7AE2-96D5-40ED-93F0-A4DF1B15E505}.Release|Any CPU.Build.0 = Release|Any CPU
		{862DD252-C3E3-40B3-B7C4-E60A3AFF259C}.Debug|Any CPU.ActiveCfg = Debug|Any CPU
		{862DD252-C3E3-40B3-B7C4-E60A3AFF259C}.Debug|Any CPU.Build.0 = Debug|Any CPU
		{862DD252-C3E3-40B3-B7C4-E60A3AFF259C}.Release|Any CPU.ActiveCfg = Release|Any CPU
		{862DD252-C3E3-40B3-B7C4-E60A3AFF259C}.Release|Any CPU.Build.0 = Release|Any CPU
		{1570354F-E9E2-4C54-A701-5A2108A4F7B5}.Debug|Any CPU.ActiveCfg = Debug|Any CPU
		{1570354F-E9E2-4C54-A701-5A2108A4F7B5}.Debug|Any CPU.Build.0 = Debug|Any CPU
		{1570354F-E9E2-4C54-A701-5A2108A4F7B5}.Release|Any CPU.ActiveCfg = Release|Any CPU
		{1570354F-E9E2-4C54-A701-5A2108A4F7B5}.Release|Any CPU.Build.0 = Release|Any CPU
		{6245F273-6C99-46A8-ACBA-44A13E44B211}.Debug|Any CPU.ActiveCfg = Debug|Any CPU
		{6245F273-6C99-46A8-ACBA-44A13E44B211}.Debug|Any CPU.Build.0 = Debug|Any CPU
		{6245F273-6C99-46A8-ACBA-44A13E44B211}.Release|Any CPU.ActiveCfg = Release|Any CPU
		{6245F273-6C99-46A8-ACBA-44A13E44B211}.Release|Any CPU.Build.0 = Release|Any CPU
		{03E31403-13E8-47A0-98BC-4CCD6ECA97AC}.Debug|Any CPU.ActiveCfg = Debug|Any CPU
		{03E31403-13E8-47A0-98BC-4CCD6ECA97AC}.Debug|Any CPU.Build.0 = Debug|Any CPU
		{03E31403-13E8-47A0-98BC-4CCD6ECA97AC}.Release|Any CPU.ActiveCfg = Release|Any CPU
		{03E31403-13E8-47A0-98BC-4CCD6ECA97AC}.Release|Any CPU.Build.0 = Release|Any CPU
		{E93F8BCC-6152-48D5-9D1E-03624B46F660}.Debug|Any CPU.ActiveCfg = Debug|Any CPU
		{E93F8BCC-6152-48D5-9D1E-03624B46F660}.Debug|Any CPU.Build.0 = Debug|Any CPU
		{E93F8BCC-6152-48D5-9D1E-03624B46F660}.Release|Any CPU.ActiveCfg = Release|Any CPU
		{E93F8BCC-6152-48D5-9D1E-03624B46F660}.Release|Any CPU.Build.0 = Release|Any CPU
		{A9B59E51-F9BC-41FD-A0B6-818D704D32F8}.Debug|Any CPU.ActiveCfg = Debug|Any CPU
		{A9B59E51-F9BC-41FD-A0B6-818D704D32F8}.Debug|Any CPU.Build.0 = Debug|Any CPU
		{A9B59E51-F9BC-41FD-A0B6-818D704D32F8}.Release|Any CPU.ActiveCfg = Release|Any CPU
		{A9B59E51-F9BC-41FD-A0B6-818D704D32F8}.Release|Any CPU.Build.0 = Release|Any CPU
		{B5994658-ADA7-4710-8724-8FFD2B5B5554}.Debug|Any CPU.ActiveCfg = Debug|Any CPU
		{B5994658-ADA7-4710-8724-8FFD2B5B5554}.Debug|Any CPU.Build.0 = Debug|Any CPU
		{B5994658-ADA7-4710-8724-8FFD2B5B5554}.Release|Any CPU.ActiveCfg = Release|Any CPU
		{B5994658-ADA7-4710-8724-8FFD2B5B5554}.Release|Any CPU.Build.0 = Release|Any CPU
		{DC4E9259-CFFF-431B-8A49-02055BCE333F}.Debug|Any CPU.ActiveCfg = Debug|Any CPU
		{DC4E9259-CFFF-431B-8A49-02055BCE333F}.Debug|Any CPU.Build.0 = Debug|Any CPU
		{DC4E9259-CFFF-431B-8A49-02055BCE333F}.Release|Any CPU.ActiveCfg = Release|Any CPU
		{DC4E9259-CFFF-431B-8A49-02055BCE333F}.Release|Any CPU.Build.0 = Release|Any CPU
	EndGlobalSection
	GlobalSection(SolutionProperties) = preSolution
		HideSolutionNode = FALSE
	EndGlobalSection
	GlobalSection(ExtensibilityGlobals) = postSolution
		SolutionGuid = {4FC8CAC8-CA19-433F-A0A2-EE7E9A5AB406}
	EndGlobalSection
EndGlobal
