
Microsoft Visual Studio Solution File, Format Version 12.00
# Visual Studio Version 17
VisualStudioVersion = 17.2.32602.215
MinimumVisualStudioVersion = 10.0.40219.1
Project("{9A19103F-16F7-4668-BE54-9A1E7A4F7556}") = "BakeryShop", "BakeryShop\BakeryShop.csproj", "{763136A7-7BA0-4179-8957-9B9E95D8948E}"
EndProject
Project("{9A19103F-16F7-4668-BE54-9A1E7A4F7556}") = "BeaverAtWork", "BeaverAtWork\BeaverAtWork.csproj", "{B6BC2DFF-2427-4E8D-8225-5A2DEEC948BE}"
EndProject
Project("{9A19103F-16F7-4668-BE54-9A1E7A4F7556}") = "MealPlan", "MealPlan\MealPlan.csproj", "{A5F939CA-B2D3-42DA-A8BD-27D041F58378}"
EndProject
Project("{9A19103F-16F7-4668-BE54-9A1E7A4F7556}") = "TruffleHunter", "TruffleHunter\TruffleHunter.csproj", "{A1F0A9A3-CB8D-46B2-89FA-443C8FECC6F3}"
EndProject
Project("{9A19103F-16F7-4668-BE54-9A1E7A4F7556}") = "Zoo", "Zoo\Zoo.csproj", "{A036F160-CC07-425E-AFC9-744690AF0893}"
EndProject
Global
	GlobalSection(SolutionConfigurationPlatforms) = preSolution
		Debug|Any CPU = Debug|Any CPU
		Release|Any CPU = Release|Any CPU
	EndGlobalSection
	GlobalSection(ProjectConfigurationPlatforms) = postSolution
		{763136A7-7BA0-4179-8957-9B9E95D8948E}.Debug|Any CPU.ActiveCfg = Debug|Any CPU
		{763136A7-7BA0-4179-8957-9B9E95D8948E}.Debug|Any CPU.Build.0 = Debug|Any CPU
		{763136A7-7BA0-4179-8957-9B9E95D8948E}.Release|Any CPU.ActiveCfg = Release|Any CPU
		{763136A7-7BA0-4179-8957-9B9E95D8948E}.Release|Any CPU.Build.0 = Release|Any CPU
		{B6BC2DFF-2427-4E8D-8225-5A2DEEC948BE}.Debug|Any CPU.ActiveCfg = Debug|Any CPU
		{B6BC2DFF-2427-4E8D-8225-5A2DEEC948BE}.Debug|Any CPU.Build.0 = Debug|Any CPU
		{B6BC2DFF-2427-4E8D-8225-5A2DEEC948BE}.Release|Any CPU.ActiveCfg = Release|Any CPU
		{B6BC2DFF-2427-4E8D-8225-5A2DEEC948BE}.Release|Any CPU.Build.0 = Release|Any CPU
		{A5F939CA-B2D3-42DA-A8BD-27D041F58378}.Debug|Any CPU.ActiveCfg = Debug|Any CPU
		{A5F939CA-B2D3-42DA-A8BD-27D041F58378}.Debug|Any CPU.Build.0 = Debug|Any CPU
		{A5F939CA-B2D3-42DA-A8BD-27D041F58378}.Release|Any CPU.ActiveCfg = Release|Any CPU
		{A5F939CA-B2D3-42DA-A8BD-27D041F58378}.Release|Any CPU.Build.0 = Release|Any CPU
		{A1F0A9A3-CB8D-46B2-89FA-443C8FECC6F3}.Debug|Any CPU.ActiveCfg = Debug|Any CPU
		{A1F0A9A3-CB8D-46B2-89FA-443C8FECC6F3}.Debug|Any CPU.Build.0 = Debug|Any CPU
		{A1F0A9A3-CB8D-46B2-89FA-443C8FECC6F3}.Release|Any CPU.ActiveCfg = Release|Any CPU
		{A1F0A9A3-CB8D-46B2-89FA-443C8FECC6F3}.Release|Any CPU.Build.0 = Release|Any CPU
		{A036F160-CC07-425E-AFC9-744690AF0893}.Debug|Any CPU.ActiveCfg = Debug|Any CPU
		{A036F160-CC07-425E-AFC9-744690AF0893}.Debug|Any CPU.Build.0 = Debug|Any CPU
		{A036F160-CC07-425E-AFC9-744690AF0893}.Release|Any CPU.ActiveCfg = Release|Any CPU
		{A036F160-CC07-425E-AFC9-744690AF0893}.Release|Any CPU.Build.0 = Release|Any CPU
	EndGlobalSection
	GlobalSection(SolutionProperties) = preSolution
		HideSolutionNode = FALSE
	EndGlobalSection
	GlobalSection(ExtensibilityGlobals) = postSolution
		SolutionGuid = {37A92C01-5406-41AE-A047-90CE60D05B66}
	EndGlobalSection
EndGlobal
