
Microsoft Visual Studio Solution File, Format Version 12.00
# Visual Studio Version 17
VisualStudioVersion = 17.2.32602.215
MinimumVisualStudioVersion = 10.0.40219.1
Project("{9A19103F-16F7-4668-BE54-9A1E7A4F7556}") = "BakeryShop", "BakeryShop\BakeryShop.csproj", "{763136A7-7BA0-4179-8957-9B9E95D8948E}"
EndProject
Project("{9A19103F-16F7-4668-BE54-9A1E7A4F7556}") = "BeaverAtWork", "BeaverAtWork\BeaverAtWork.csproj", "{B6BC2DFF-2427-4E8D-8225-5A2DEEC948BE}"
EndProject
Project("{FAE04EC0-301F-11D3-BF4B-00C04F79EFBC}") = "FishingNets", "FishingNets\FishingNets.csproj", "{9BB79185-D5EF-4E50-B60D-6EB18E874A96}"
EndProject
Global
	GlobalSection(SolutionConfigurationPlatforms) = preSolution
		Debug|Any CPU = Debug|Any CPU
		Release|Any CPU = Release|Any CPU
	EndGlobalSection
	GlobalSection(ProjectConfigurationPlatforms) = postSolution
		{763136A7-7BA0-4179-8957-9B9E95D8948E}.Debug|Any CPU.ActiveCfg = Debug|Any CPU
		{763136A7-7BA0-4179-8957-9B9E95D8948E}.Debug|Any CPU.Build.0 = Debug|Any CPU
		{763136A7-7BA0-4179-8957-9B9E95D8948E}.Release|Any CPU.ActiveCfg = Release|Any CPU
		{763136A7-7BA0-4179-8957-9B9E95D8948E}.Release|Any CPU.Build.0 = Release|Any CPU
		{B6BC2DFF-2427-4E8D-8225-5A2DEEC948BE}.Debug|Any CPU.ActiveCfg = Debug|Any CPU
		{B6BC2DFF-2427-4E8D-8225-5A2DEEC948BE}.Debug|Any CPU.Build.0 = Debug|Any CPU
		{B6BC2DFF-2427-4E8D-8225-5A2DEEC948BE}.Release|Any CPU.ActiveCfg = Release|Any CPU
		{B6BC2DFF-2427-4E8D-8225-5A2DEEC948BE}.Release|Any CPU.Build.0 = Release|Any CPU
		{9BB79185-D5EF-4E50-B60D-6EB18E874A96}.Debug|Any CPU.ActiveCfg = Debug|Any CPU
		{9BB79185-D5EF-4E50-B60D-6EB18E874A96}.Debug|Any CPU.Build.0 = Debug|Any CPU
		{9BB79185-D5EF-4E50-B60D-6EB18E874A96}.Release|Any CPU.ActiveCfg = Release|Any CPU
		{9BB79185-D5EF-4E50-B60D-6EB18E874A96}.Release|Any CPU.Build.0 = Release|Any CPU
	EndGlobalSection
	GlobalSection(SolutionProperties) = preSolution
		HideSolutionNode = FALSE
	EndGlobalSection
	GlobalSection(ExtensibilityGlobals) = postSolution
		SolutionGuid = {37A92C01-5406-41AE-A047-90CE60D05B66}
	EndGlobalSection
EndGlobal
